{
  "name": "nengine",
  "version": "0.0.9",
  "lockfileVersion": 3,
  "requires": true,
  "packages": {
    "": {
      "name": "nengine",
      "version": "0.0.9",
      "license": "MIT",
      "devDependencies": {
        "@snarechops/testit": "^0.0.3"
      }
    },
    "node_modules/@snarechops/testit": {
      "version": "0.0.3",
      "resolved": "https://registry.npmjs.org/@snarechops/testit/-/testit-0.0.3.tgz",
      "integrity": "sha512-Pvt+85iXStNmyJHJw6y0sK9IfX/XHW70J2p0vCDW3rx14bQMFRBh36dMZ1IHGbyIlElkmPxdNhUmEeymDdw3fw==",
      "dev": true,
      "license": "MIT",
      "bin": {
        "testit": "bin.js"
      }
    }
  }
}
